// !$*UTF8*$!
{
	archiveVersion = 1;
	classes = {
	};
	objectVersion = 46;
	objects = {

/* Begin PBXBuildFile section */
		A9920FA61A3C20960079C20C /* AppDelegate.swift in Sources */ = {isa = PBXBuildFile; fileRef = A9920FA51A3C20960079C20C /* AppDelegate.swift */; };
		A9920FA81A3C20960079C20C /* ViewController.swift in Sources */ = {isa = PBXBuildFile; fileRef = A9920FA71A3C20960079C20C /* ViewController.swift */; };
		A9920FAB1A3C20960079C20C /* Main.storyboard in Resources */ = {isa = PBXBuildFile; fileRef = A9920FA91A3C20960079C20C /* Main.storyboard */; };
		A9920FAD1A3C20960079C20C /* Images.xcassets in Resources */ = {isa = PBXBuildFile; fileRef = A9920FAC1A3C20960079C20C /* Images.xcassets */; };
		A9920FB01A3C20960079C20C /* LaunchScreen.xib in Resources */ = {isa = PBXBuildFile; fileRef = A9920FAE1A3C20960079C20C /* LaunchScreen.xib */; };
		A9920FBC1A3C20960079C20C /* Rome_PostCardTests.swift in Sources */ = {isa = PBXBuildFile; fileRef = A9920FBB1A3C20960079C20C /* Rome_PostCardTests.swift */; };
/* End PBXBuildFile section */

/* Begin PBXContainerItemProxy section */
		A9920FB61A3C20960079C20C /* PBXContainerItemProxy */ = {
			isa = PBXContainerItemProxy;
			containerPortal = A9920F981A3C20960079C20C /* Project object */;
			proxyType = 1;
			remoteGlobalIDString = A9920F9F1A3C20960079C20C;
			remoteInfo = "Rome PostCard";
		};
/* End PBXContainerItemProxy section */

/* Begin PBXFileReference section */
		A9920FA01A3C20960079C20C /* Rome PostCard.app */ = {isa = PBXFileReference; explicitFileType = wrapper.application; includeInIndex = 0; path = "Rome PostCard.app"; sourceTree = BUILT_PRODUCTS_DIR; };
		A9920FA41A3C20960079C20C /* Info.plist */ = {isa = PBXFileReference; lastKnownFileType = text.plist.xml; path = Info.plist; sourceTree = "<group>"; };
		A9920FA51A3C20960079C20C /* AppDelegate.swift */ = {isa = PBXFileReference; lastKnownFileType = sourcecode.swift; path = AppDelegate.swift; sourceTree = "<group>"; };
		A9920FA71A3C20960079C20C /* ViewController.swift */ = {isa = PBXFileReference; lastKnownFileType = sourcecode.swift; path = ViewController.swift; sourceTree = "<group>"; };
		A9920FAA1A3C20960079C20C /* Base */ = {isa = PBXFileReference; lastKnownFileType = file.storyboard; name = Base; path = Base.lproj/Main.storyboard; sourceTree = "<group>"; };
		A9920FAC1A3C20960079C20C /* Images.xcassets */ = {isa = PBXFileReference; lastKnownFileType = folder.assetcatalog; path = Images.xcassets; sourceTree = "<group>"; };
		A9920FAF1A3C20960079C20C /* Base */ = {isa = PBXFileReference; lastKnownFileType = file.xib; name = Base; path = Base.lproj/LaunchScreen.xib; sourceTree = "<group>"; };
		A9920FB51A3C20960079C20C /* Rome PostCardTests.xctest */ = {isa = PBXFileReference; explicitFileType = wrapper.cfbundle; includeInIndex = 0; path = "Rome PostCardTests.xctest"; sourceTree = BUILT_PRODUCTS_DIR; };
		A9920FBA1A3C20960079C20C /* Info.plist */ = {isa = PBXFileReference; lastKnownFileType = text.plist.xml; path = Info.plist; sourceTree = "<group>"; };
		A9920FBB1A3C20960079C20C /* Rome_PostCardTests.swift */ = {isa = PBXFileReference; lastKnownFileType = sourcecode.swift; path = Rome_PostCardTests.swift; sourceTree = "<group>"; };
/* End PBXFileReference section */

/* Begin PBXFrameworksBuildPhase section */
		A9920F9D1A3C20960079C20C /* Frameworks */ = {
			isa = PBXFrameworksBuildPhase;
			buildActionMask = 2147483647;
			files = (
			);
			runOnlyForDeploymentPostprocessing = 0;
		};
		A9920FB21A3C20960079C20C /* Frameworks */ = {
			isa = PBXFrameworksBuildPhase;
			buildActionMask = 2147483647;
			files = (
			);
			runOnlyForDeploymentPostprocessing = 0;
		};
/* End PBXFrameworksBuildPhase section */

/* Begin PBXGroup section */
		A9920F971A3C20960079C20C = {
			isa = PBXGroup;
			children = (
				A9920FA21A3C20960079C20C /* Rome PostCard */,
				A9920FB81A3C20960079C20C /* Rome PostCardTests */,
				A9920FA11A3C20960079C20C /* Products */,
			);
			sourceTree = "<group>";
		};
		A9920FA11A3C20960079C20C /* Products */ = {
			isa = PBXGroup;
			children = (
				A9920FA01A3C20960079C20C /* Rome PostCard.app */,
				A9920FB51A3C20960079C20C /* Rome PostCardTests.xctest */,
			);
			name = Products;
			sourceTree = "<group>";
		};
		A9920FA21A3C20960079C20C /* Rome PostCard */ = {
			isa = PBXGroup;
			children = (
				A9920FA51A3C20960079C20C /* AppDelegate.swift */,
				A9920FA71A3C20960079C20C /* ViewController.swift */,
				A9920FA91A3C20960079C20C /* Main.storyboard */,
				A9920FAC1A3C20960079C20C /* Images.xcassets */,
				A9920FAE1A3C20960079C20C /* LaunchScreen.xib */,
				A9920FA31A3C20960079C20C /* Supporting Files */,
			);
			path = "Rome PostCard";
			sourceTree = "<group>";
		};
		A9920FA31A3C20960079C20C /* Supporting Files */ = {
			isa = PBXGroup;
			children = (
				A9920FA41A3C20960079C20C /* Info.plist */,
			);
			name = "Supporting Files";
			sourceTree = "<group>";
		};
		A9920FB81A3C20960079C20C /* Rome PostCardTests */ = {
			isa = PBXGroup;
			children = (
				A9920FBB1A3C20960079C20C /* Rome_PostCardTests.swift */,
				A9920FB91A3C20960079C20C /* Supporting Files */,
			);
			path = "Rome PostCardTests";
			sourceTree = "<group>";
		};
		A9920FB91A3C20960079C20C /* Supporting Files */ = {
			isa = PBXGroup;
			children = (
				A9920FBA1A3C20960079C20C /* Info.plist */,
			);
			name = "Supporting Files";
			sourceTree = "<group>";
		};
/* End PBXGroup section */

/* Begin PBXNativeTarget section */
		A9920F9F1A3C20960079C20C /* Rome PostCard */ = {
			isa = PBXNativeTarget;
			buildConfigurationList = A9920FBF1A3C20960079C20C /* Build configuration list for PBXNativeTarget "Rome PostCard" */;
			buildPhases = (
				A9920F9C1A3C20960079C20C /* Sources */,
				A9920F9D1A3C20960079C20C /* Frameworks */,
				A9920F9E1A3C20960079C20C /* Resources */,
			);
			buildRules = (
			);
			dependencies = (
			);
			name = "Rome PostCard";
			productName = "Rome PostCard";
			productReference = A9920FA01A3C20960079C20C /* Rome PostCard.app */;
			productType = "com.apple.product-type.application";
		};
		A9920FB41A3C20960079C20C /* Rome PostCardTests */ = {
			isa = PBXNativeTarget;
			buildConfigurationList = A9920FC21A3C20960079C20C /* Build configuration list for PBXNativeTarget "Rome PostCardTests" */;
			buildPhases = (
				A9920FB11A3C20960079C20C /* Sources */,
				A9920FB21A3C20960079C20C /* Frameworks */,
				A9920FB31A3C20960079C20C /* Resources */,
			);
			buildRules = (
			);
			dependencies = (
				A9920FB71A3C20960079C20C /* PBXTargetDependency */,
			);
			name = "Rome PostCardTests";
			productName = "Rome PostCardTests";
			productReference = A9920FB51A3C20960079C20C /* Rome PostCardTests.xctest */;
			productType = "com.apple.product-type.bundle.unit-test";
		};
/* End PBXNativeTarget section */

/* Begin PBXProject section */
		A9920F981A3C20960079C20C /* Project object */ = {
			isa = PBXProject;
			attributes = {
				LastUpgradeCheck = 0610;
				ORGANIZATIONNAME = Felix;
				TargetAttributes = {
					A9920F9F1A3C20960079C20C = {
						CreatedOnToolsVersion = 6.1.1;
					};
					A9920FB41A3C20960079C20C = {
						CreatedOnToolsVersion = 6.1.1;
						TestTargetID = A9920F9F1A3C20960079C20C;
					};
				};
			};
			buildConfigurationList = A9920F9B1A3C20960079C20C /* Build configuration list for PBXProject "Rome PostCard" */;
			compatibilityVersion = "Xcode 3.2";
			developmentRegion = English;
			hasScannedForEncodings = 0;
			knownRegions = (
				en,
				Base,
			);
			mainGroup = A9920F971A3C20960079C20C;
			productRefGroup = A9920FA11A3C20960079C20C /* Products */;
			projectDirPath = "";
			projectRoot = "";
			targets = (
				A9920F9F1A3C20960079C20C /* Rome PostCard */,
				A9920FB41A3C20960079C20C /* Rome PostCardTests */,
			);
		};
/* End PBXProject section */

/* Begin PBXResourcesBuildPhase section */
		A9920F9E1A3C20960079C20C /* Resources */ = {
			isa = PBXResourcesBuildPhase;
			buildActionMask = 2147483647;
			files = (
				A9920FAB1A3C20960079C20C /* Main.storyboard in Resources */,
				A9920FB01A3C20960079C20C /* LaunchScreen.xib in Resources */,
				A9920FAD1A3C20960079C20C /* Images.xcassets in Resources */,
			);
			runOnlyForDeploymentPostprocessing = 0;
		};
		A9920FB31A3C20960079C20C /* Resources */ = {
			isa = PBXResourcesBuildPhase;
			buildActionMask = 2147483647;
			files = (
			);
			runOnlyForDeploymentPostprocessing = 0;
		};
/* End PBXResourcesBuildPhase section */

/* Begin PBXSourcesBuildPhase section */
		A9920F9C1A3C20960079C20C /* Sources */ = {
			isa = PBXSourcesBuildPhase;
			buildActionMask = 2147483647;
			files = (
				A9920FA81A3C20960079C20C /* ViewController.swift in Sources */,
				A9920FA61A3C20960079C20C /* AppDelegate.swift in Sources */,
			);
			runOnlyForDeploymentPostprocessing = 0;
		};
		A9920FB11A3C20960079C20C /* Sources */ = {
			isa = PBXSourcesBuildPhase;
			buildActionMask = 2147483647;
			files = (
				A9920FBC1A3C20960079C20C /* Rome_PostCardTests.swift in Sources */,
			);
			runOnlyForDeploymentPostprocessing = 0;
		};
/* End PBXSourcesBuildPhase section */

/* Begin PBXTargetDependency section */
		A9920FB71A3C20960079C20C /* PBXTargetDependency */ = {
			isa = PBXTargetDependency;
			target = A9920F9F1A3C20960079C20C /* Rome PostCard */;
			targetProxy = A9920FB61A3C20960079C20C /* PBXContainerItemProxy */;
		};
/* End PBXTargetDependency section */

/* Begin PBXVariantGroup section */
		A9920FA91A3C20960079C20C /* Main.storyboard */ = {
			isa = PBXVariantGroup;
			children = (
				A9920FAA1A3C20960079C20C /* Base */,
			);
			name = Main.storyboard;
			sourceTree = "<group>";
		};
		A9920FAE1A3C20960079C20C /* LaunchScreen.xib */ = {
			isa = PBXVariantGroup;
			children = (
				A9920FAF1A3C20960079C20C /* Base */,
			);
			name = LaunchScreen.xib;
			sourceTree = "<group>";
		};
/* End PBXVariantGroup section */

/* Begin XCBuildConfiguration section */
		A9920FBD1A3C20960079C20C /* Debug */ = {
			isa = XCBuildConfiguration;
			buildSettings = {
				ALWAYS_SEARCH_USER_PATHS = NO;
				CLANG_CXX_LANGUAGE_STANDARD = "gnu++0x";
				CLANG_CXX_LIBRARY = "libc++";
				CLANG_ENABLE_MODULES = YES;
				CLANG_ENABLE_OBJC_ARC = YES;
				CLANG_WARN_BOOL_CONVERSION = YES;
				CLANG_WARN_CONSTANT_CONVERSION = YES;
				CLANG_WARN_DIRECT_OBJC_ISA_USAGE = YES_ERROR;
				CLANG_WARN_EMPTY_BODY = YES;
				CLANG_WARN_ENUM_CONVERSION = YES;
				CLANG_WARN_INT_CONVERSION = YES;
				CLANG_WARN_OBJC_ROOT_CLASS = YES_ERROR;
				CLANG_WARN_UNREACHABLE_CODE = YES;
				CLANG_WARN__DUPLICATE_METHOD_MATCH = YES;
				"CODE_SIGN_IDENTITY[sdk=iphoneos*]" = "iPhone Developer";
				COPY_PHASE_STRIP = NO;
				ENABLE_STRICT_OBJC_MSGSEND = YES;
				GCC_C_LANGUAGE_STANDARD = gnu99;
				GCC_DYNAMIC_NO_PIC = NO;
				GCC_OPTIMIZATION_LEVEL = 0;
				GCC_PREPROCESSOR_DEFINITIONS = (
					"DEBUG=1",
					"$(inherited)",
				);
				GCC_SYMBOLS_PRIVATE_EXTERN = NO;
				GCC_WARN_64_TO_32_BIT_CONVERSION = YES;
				GCC_WARN_ABOUT_RETURN_TYPE = YES_ERROR;
				GCC_WARN_UNDECLARED_SELECTOR = YES;
				GCC_WARN_UNINITIALIZED_AUTOS = YES_AGGRESSIVE;
				GCC_WARN_UNUSED_FUNCTION = YES;
				GCC_WARN_UNUSED_VARIABLE = YES;
				IPHONEOS_DEPLOYMENT_TARGET = 8.1;
				MTL_ENABLE_DEBUG_INFO = YES;
				ONLY_ACTIVE_ARCH = YES;
				SDKROOT = iphoneos;
				SWIFT_OPTIMIZATION_LEVEL = "-Onone";
				TARGETED_DEVICE_FAMILY = "1,2";
			};
			name = Debug;
		};
		A9920FBE1A3C20960079C20C /* Release */ = {
			isa = XCBuildConfiguration;
			buildSettings = {
				ALWAYS_SEARCH_USER_PATHS = NO;
				CLANG_CXX_LANGUAGE_STANDARD = "gnu++0x";
				CLANG_CXX_LIBRARY = "libc++";
				CLANG_ENABLE_MODULES = YES;
				CLANG_ENABLE_OBJC_ARC = YES;
				CLANG_WARN_BOOL_CONVERSION = YES;
				CLANG_WARN_CONSTANT_CONVERSION = YES;
				CLANG_WARN_DIRECT_OBJC_ISA_USAGE = YES_ERROR;
				CLANG_WARN_EMPTY_BODY = YES;
				CLANG_WARN_ENUM_CONVERSION = YES;
				CLANG_WARN_INT_CONVERSION = YES;
				CLANG_WARN_OBJC_ROOT_CLASS = YES_ERROR;
				CLANG_WARN_UNREACHABLE_CODE = YES;
				CLANG_WARN__DUPLICATE_METHOD_MATCH = YES;
				"CODE_SIGN_IDENTITY[sdk=iphoneos*]" = "iPhone Developer";
				COPY_PHASE_STRIP = YES;
				ENABLE_NS_ASSERTIONS = NO;
				ENABLE_STRICT_OBJC_MSGSEND = YES;
				GCC_C_LANGUAGE_STANDARD = gnu99;
				GCC_WARN_64_TO_32_BIT_CONVERSION = YES;
				GCC_WARN_ABOUT_RETURN_TYPE = YES_ERROR;
				GCC_WARN_UNDECLARED_SELECTOR = YES;
				GCC_WARN_UNINITIALIZED_AUTOS = YES_AGGRESSIVE;
				GCC_WARN_UNUSED_FUNCTION = YES;
				GCC_WARN_UNUSED_VARIABLE = YES;
				IPHONEOS_DEPLOYMENT_TARGET = 8.1;
				MTL_ENABLE_DEBUG_INFO = NO;
				SDKROOT = iphoneos;
				TARGETED_DEVICE_FAMILY = "1,2";
				VALIDATE_PRODUCT = YES;
			};
			name = Release;
		};
		A9920FC01A3C20960079C20C /* Debug */ = {
			isa = XCBuildConfiguration;
			buildSettings = {
				ASSETCATALOG_COMPILER_APPICON_NAME = AppIcon;
				INFOPLIST_FILE = "Rome PostCard/Info.plist";
				LD_RUNPATH_SEARCH_PATHS = "$(inherited) @executable_path/Frameworks";
				PRODUCT_NAME = "$(TARGET_NAME)";
			};
			name = Debug;
		};
		A9920FC11A3C20960079C20C /* Release */ = {
			isa = XCBuildConfiguration;
			buildSettings = {
				ASSETCATALOG_COMPILER_APPICON_NAME = AppIcon;
				INFOPLIST_FILE = "Rome PostCard/Info.plist";
				LD_RUNPATH_SEARCH_PATHS = "$(inherited) @executable_path/Frameworks";
				PRODUCT_NAME = "$(TARGET_NAME)";
			};
			name = Release;
		};
		A9920FC31A3C20960079C20C /* Debug */ = {
			isa = XCBuildConfiguration;
			buildSettings = {
				BUNDLE_LOADER = "$(TEST_HOST)";
				FRAMEWORK_SEARCH_PATHS = (
					"$(SDKROOT)/Developer/Library/Frameworks",
					"$(inherited)",
				);
				GCC_PREPROCESSOR_DEFINITIONS = (
					"DEBUG=1",
					"$(inherited)",
				);
				INFOPLIST_FILE = "Rome PostCardTests/Info.plist";
				LD_RUNPATH_SEARCH_PATHS = "$(inherited) @executable_path/Frameworks @loader_path/Frameworks";
				PRODUCT_NAME = "$(TARGET_NAME)";
				TEST_HOST = "$(BUILT_PRODUCTS_DIR)/Rome PostCard.app/Rome PostCard";
			};
			name = Debug;
		};
		A9920FC41A3C20960079C20C /* Release */ = {
			isa = XCBuildConfiguration;
			buildSettings = {
				BUNDLE_LOADER = "$(TEST_HOST)";
				FRAMEWORK_SEARCH_PATHS = (
					"$(SDKROOT)/Developer/Library/Frameworks",
					"$(inherited)",
				);
				INFOPLIST_FILE = "Rome PostCardTests/Info.plist";
				LD_RUNPATH_SEARCH_PATHS = "$(inherited) @executable_path/Frameworks @loader_path/Frameworks";
				PRODUCT_NAME = "$(TARGET_NAME)";
				TEST_HOST = "$(BUILT_PRODUCTS_DIR)/Rome PostCard.app/Rome PostCard";
			};
			name = Release;
		};
/* End XCBuildConfiguration section */

/* Begin XCConfigurationList section */
		A9920F9B1A3C20960079C20C /* Build configuration list for PBXProject "Rome PostCard" */ = {
			isa = XCConfigurationList;
			buildConfigurations = (
				A9920FBD1A3C20960079C20C /* Debug */,
				A9920FBE1A3C20960079C20C /* Release */,
			);
			defaultConfigurationIsVisible = 0;
			defaultConfigurationName = Release;
		};
		A9920FBF1A3C20960079C20C /* Build configuration list for PBXNativeTarget "Rome PostCard" */ = {
			isa = XCConfigurationList;
			buildConfigurations = (
				A9920FC01A3C20960079C20C /* Debug */,
				A9920FC11A3C20960079C20C /* Release */,
			);
			defaultConfigurationIsVisible = 0;
		};
		A9920FC21A3C20960079C20C /* Build configuration list for PBXNativeTarget "Rome PostCardTests" */ = {
			isa = XCConfigurationList;
			buildConfigurations = (
				A9920FC31A3C20960079C20C /* Debug */,
				A9920FC41A3C20960079C20C /* Release */,
			);
			defaultConfigurationIsVisible = 0;
		};
/* End XCConfigurationList section */
	};
	rootObject = A9920F981A3C20960079C20C /* Project object */;
}
